{
    "_readme": [
        "This file locks the dependencies of your project to a known state",
        "Read more about it at https://getcomposer.org/doc/01-basic-usage.md#installing-dependencies",
        "This file is @generated automatically"
    ],
    "content-hash": "d0146ff8b47b13f64ef257c4731ac254",
    "packages": [
        {
            "name": "murtho/array-utilities",
            "version": "v1.0.0",
            "source": {
                "type": "git",
                "url": "https://github.com/murtho/array-utilities.git",
                "reference": "657c062a32bc13b39d00a535d9deee721e2066b2"
            },
            "dist": {
                "type": "zip",
                "url": "https://api.github.com/repos/murtho/array-utilities/zipball/657c062a32bc13b39d00a535d9deee721e2066b2",
                "reference": "657c062a32bc13b39d00a535d9deee721e2066b2",
                "shasum": ""
            },
            "require": {
                "php": ">=7.2.0"
            },
            "require-dev": {
                "phpunit/phpunit": "^9.4"
            },
            "type": "library",
            "autoload": {
                "psr-4": {
                    "Murtho\\": "src/"
                }
            },
            "notification-url": "https://packagist.org/downloads/",
            "license": [
                "MIT"
            ],
            "authors": [
                {
                    "name": "Maarten Verijdt",
                    "email": "murtho@gmail.com"
                }
            ],
            "description": "Utilities for arrays",
            "homepage": "https://github.com/murtho",
            "keywords": [
                "array",
                "murtho",
                "utilities"
            ],
            "support": {
                "issues": "https://github.com/murtho/array-utilities/issues",
                "source": "https://github.com/murtho/array-utilities"
            },
            "time": "2020-11-26T13:57:20+00:00"
        },
        {
            "name": "murtho/date-utilities",
            "version": "v1.0.0",
            "source": {
                "type": "git",
                "url": "https://github.com/murtho/date-utilities.git",
                "reference": "f9e16af27643b8b9090aa2e6d8f66d31a820619e"
            },
            "dist": {
                "type": "zip",
                "url": "https://api.github.com/repos/murtho/date-utilities/zipball/f9e16af27643b8b9090aa2e6d8f66d31a820619e",
                "reference": "f9e16af27643b8b9090aa2e6d8f66d31a820619e",
                "shasum": ""
            },
            "require": {
                "php": ">=7.2.0"
            },
            "require-dev": {
                "phpunit/phpunit": "^9.4"
            },
            "type": "library",
            "autoload": {
                "psr-4": {
                    "Murtho\\": "src/"
                }
            },
            "notification-url": "https://packagist.org/downloads/",
            "license": [
                "MIT"
            ],
            "authors": [
                {
                    "name": "Maarten Verijdt",
                    "email": "murtho@gmail.com"
                }
            ],
            "description": "Utilities for dates",
            "homepage": "https://github.com/murtho",
            "keywords": [
                "date",
                "murtho",
                "utilities"
            ],
            "support": {
                "issues": "https://github.com/murtho/date-utilities/issues",
                "source": "https://github.com/murtho/date-utilities"
            },
            "time": "2020-11-26T17:07:34+00:00"
        },
        {
            "name": "murtho/regex-utilities",
            "version": "v1.0.0",
            "source": {
                "type": "git",
                "url": "https://github.com/murtho/regex-utilities.git",
                "reference": "e9e35ec9632c5b70007401079fb73109606475d6"
            },
            "dist": {
                "type": "zip",
                "url": "https://api.github.com/repos/murtho/regex-utilities/zipball/e9e35ec9632c5b70007401079fb73109606475d6",
                "reference": "e9e35ec9632c5b70007401079fb73109606475d6",
                "shasum": ""
            },
            "require": {
                "php": ">=7.2.0"
            },
            "require-dev": {
                "phpunit/phpunit": "^9.4"
            },
            "type": "library",
            "autoload": {
                "psr-4": {
                    "Murtho\\": "src/"
                }
            },
            "notification-url": "https://packagist.org/downloads/",
            "license": [
                "MIT"
            ],
            "authors": [
                {
                    "name": "Maarten Verijdt",
                    "email": "murtho@gmail.com"
                }
            ],
            "description": "Utilities for regular expressions",
            "homepage": "https://github.com/murtho",
            "keywords": [
                "murtho",
                "regex",
                "utilities"
            ],
            "support": {
                "issues": "https://github.com/murtho/regex-utilities/issues",
                "source": "https://github.com/murtho/regex-utilities"
            },
            "time": "2020-12-15T23:43:56+00:00"
        },
        {
            "name": "murtho/string-utilities",
            "version": "v1.0.0",
            "source": {
                "type": "git",
                "url": "https://github.com/murtho/string-utilities.git",
                "reference": "51bee10b1121804848f7687a5e1e22fee876a4a6"
            },
            "dist": {
                "type": "zip",
                "url": "https://api.github.com/repos/murtho/string-utilities/zipball/51bee10b1121804848f7687a5e1e22fee876a4a6",
                "reference": "51bee10b1121804848f7687a5e1e22fee876a4a6",
                "shasum": ""
            },
            "require": {
                "php": ">=7.2.0"
            },
            "require-dev": {
                "phpunit/phpunit": "^9.4"
            },
            "type": "library",
            "autoload": {
                "psr-4": {
                    "Murtho\\": "src/"
                }
            },
            "notification-url": "https://packagist.org/downloads/",
            "license": [
                "MIT"
            ],
            "authors": [
                {
                    "name": "Maarten Verijdt",
                    "email": "murtho@gmail.com"
                }
            ],
            "description": "Utilities for strings",
            "homepage": "https://github.com/murtho",
            "keywords": [
                "murtho",
                "string",
                "utilities"
            ],
            "support": {
                "issues": "https://github.com/murtho/string-utilities/issues",
                "source": "https://github.com/murtho/string-utilities"
            },
            "time": "2020-11-26T14:09:31+00:00"
        }
    ],
    "packages-dev": [],
    "aliases": [],
    "minimum-stability": "stable",
    "stability-flags": [],
    "prefer-stable": false,
    "prefer-lowest": false,
    "platform": {
        "php": ">=7.2.0"
    },
    "platform-dev": [],
    "plugin-api-version": "2.0.0"
}
